Microsoft Visual Studio Solution File, Format Version 12.00
# Visual Studio Version 17
VisualStudioVersion = 17.11.35222.181
MinimumVisualStudioVersion = 10.0.40219.1
Project("{9A19103F-16F7-4668-BE54-9A1E7A4F7556}") = "MusicStore", "MusicStore\MusicStore.csproj", "{EFD7A1AD-6D64-4BAC-8D9E-1BE9ABF212DE}"
EndProject
Project("{9A19103F-16F7-4668-BE54-9A1E7A4F7556}") = "MusicStore.Tests", "MusicStore.Tests\MusicStore.Tests.csproj", "{BED478E0-933B-420B-889D-B3DF8C8701CC}"
EndProject
Global
	GlobalSection(SolutionConfigurationPlatforms) = preSolution
		Debug|Any CPU = Debug|Any CPU
		Release|Any CPU = Release|Any CPU
	EndGlobalSection
	GlobalSection(ProjectConfigurationPlatforms) = postSolution
		{EFD7A1AD-6D64-4BAC-8D9E-1BE9ABF212DE}.Debug|Any CPU.ActiveCfg = Debug|Any CPU
		{EFD7A1AD-6D64-4BAC-8D9E-1BE9ABF212DE}.Debug|Any CPU.Build.0 = Debug|Any CPU
		{EFD7A1AD-6D64-4BAC-8D9E-1BE9ABF212DE}.Release|Any CPU.ActiveCfg = Release|Any CPU
		{EFD7A1AD-6D64-4BAC-8D9E-1BE9ABF212DE}.Release|Any CPU.Build.0 = Release|Any CPU
		{BED478E0-933B-420B-889D-B3DF8C8701CC}.Debug|Any CPU.ActiveCfg = Debug|Any CPU
		{BED478E0-933B-420B-889D-B3DF8C8701CC}.Debug|Any CPU.Build.0 = Debug|Any CPU
		{BED478E0-933B-420B-889D-B3DF8C8701CC}.Release|Any CPU.ActiveCfg = Release|Any CPU
		{BED478E0-933B-420B-889D-B3DF8C8701CC}.Release|Any CPU.Build.0 = Release|Any CPU
	EndGlobalSection
	GlobalSection(SolutionProperties) = preSolution
		HideSolutionNode = FALSE
	EndGlobalSection
	GlobalSection(ExtensibilityGlobals) = postSolution
		SolutionGuid = {4372712B-26D7-46FD-A9A6-9CDA848576C6}
	EndGlobalSection
EndGlobal
